
Microsoft Visual Studio Solution File, Format Version 12.00
# Visual Studio Version 17
VisualStudioVersion = 17.8.34330.188
MinimumVisualStudioVersion = 10.0.40219.1
Project("{9A19103F-16F7-4668-BE54-9A1E7A4F7556}") = "Employee_Application", "Employee_Application\Employee_Application.csproj", "{4A0BDBE3-B22C-46D5-B5E7-B248040E5EDE}"
EndProject
Project("{9A19103F-16F7-4668-BE54-9A1E7A4F7556}") = "EmployeeAPI", "EmployeeAPI\EmployeeAPI.csproj", "{793CA3E7-B5DA-4F35-A3A2-214D340C5749}"
EndProject
Global
	GlobalSection(SolutionConfigurationPlatforms) = preSolution
		Debug|Any CPU = Debug|Any CPU
		Release|Any CPU = Release|Any CPU
	EndGlobalSection
	GlobalSection(ProjectConfigurationPlatforms) = postSolution
		{4A0BDBE3-B22C-46D5-B5E7-B248040E5EDE}.Debug|Any CPU.ActiveCfg = Debug|Any CPU
		{4A0BDBE3-B22C-46D5-B5E7-B248040E5EDE}.Debug|Any CPU.Build.0 = Debug|Any CPU
		{4A0BDBE3-B22C-46D5-B5E7-B248040E5EDE}.Release|Any CPU.ActiveCfg = Release|Any CPU
		{4A0BDBE3-B22C-46D5-B5E7-B248040E5EDE}.Release|Any CPU.Build.0 = Release|Any CPU
		{793CA3E7-B5DA-4F35-A3A2-214D340C5749}.Debug|Any CPU.ActiveCfg = Debug|Any CPU
		{793CA3E7-B5DA-4F35-A3A2-214D340C5749}.Debug|Any CPU.Build.0 = Debug|Any CPU
		{793CA3E7-B5DA-4F35-A3A2-214D340C5749}.Release|Any CPU.ActiveCfg = Release|Any CPU
		{793CA3E7-B5DA-4F35-A3A2-214D340C5749}.Release|Any CPU.Build.0 = Release|Any CPU
	EndGlobalSection
	GlobalSection(SolutionProperties) = preSolution
		HideSolutionNode = FALSE
	EndGlobalSection
	GlobalSection(ExtensibilityGlobals) = postSolution
		SolutionGuid = {B1B9CBA4-08FC-4E93-A823-1FE6ED1ECC16}
	EndGlobalSection
EndGlobal
